<Solution>
  <Folder Name="/Docs/">
    <File Path="docs/api.md" />
    <File Path="docs/architecture.md" />
    <File Path="README.md" />
  </Folder>
  <Folder Name="/Gateway/">
    <Project Path="src/Gateway/PizzaSaga.ApiGateway/ApiGateway/PizzaSaga.ApiGateway.csproj" />
  </Folder>
  <Folder Name="/Host/">
    <Project Path="src/Host/PizzaSaga.AppHost/PizzaSaga.AppHost.csproj" />
    <Project Path="src/Host/PizzaSaga.ServiceDefaults/PizzaSaga.ServiceDefaults.csproj" />
  </Folder>
  <Folder Name="/Services/" />
  <Folder Name="/Services/Auth/">
    <Project Path="src/Services/Auth/Auth.Api/Auth.Api.csproj" />
  </Folder>
  <Folder Name="/Services/Catalog/">
    <Project Path="src/Services/Catalog/Catalog.Api/Catalog.Api.csproj" />
    <Project Path="src/Services/Catalog/Catalog.Application/Catalog.Application.csproj" Id="449ca989-83ef-4dbd-80aa-3bfcbee7f8fb" />
    <Project Path="src/Services/Catalog/Catalog.Domain/Catalog.Domain.csproj" Id="fef95a62-7378-433e-90ec-ebc3691197c4" />
    <Project Path="src/Services/Catalog/Catalog.Infrastructure/Catalog.Infrastructure.csproj" Id="7dab6896-41a5-4f9b-ace9-ffcb68565f32" />
  </Folder>
  <Folder Name="/Services/Order/">
    <Project Path="src/Services/Order/Order.Api/Order.Api.csproj" />
    <Project Path="src/Services/Order/Order.Application/Order.Application.csproj" Id="3055e8dc-3b96-45ac-9968-405f069f991b" />
    <Project Path="src/Services/Order/Order.Domain/Order.Domain.csproj" Id="0c6220c7-19eb-4580-bc3b-0a2d9fd0a235" />
    <Project Path="src/Services/Order/Order.Infrastructure/Order.Infrastructure.csproj" Id="3856716c-6b71-413c-9e13-c9709cd07191" />
  </Folder>
  <Folder Name="/Services/Payment/">
    <Project Path="src/Services/Payment/Payment.Api/Payment.Api.csproj" />
    <Project Path="src/Services/Payment/Payment.Application/Payment.Application.csproj" Id="d1e2f3a4-b5c6-7890-abcd-ef1234567890" />
    <Project Path="src/Services/Payment/Payment.Domain/Payment.Domain.csproj" Id="e2f3a4b5-c6d7-8901-bcde-f12345678901" />
    <Project Path="src/Services/Payment/Payment.Infrastructure/Payment.Infrastructure.csproj" Id="f3a4b5c6-d7e8-9012-cdef-123456789012" />
  </Folder>
  <Folder Name="/Services/Stock/">
    <Project Path="src/Services/Stock/Stock.Api/Stock.Api.csproj" />
    <Project Path="src/Services/Stock/Stock.Application/Stock.Application.csproj" Id="a1b2c3d4-e5f6-7890-abcd-ef1234567890" />
    <Project Path="src/Services/Stock/Stock.Domain/Stock.Domain.csproj" Id="b2c3d4e5-f6a7-8901-bcde-f12345678901" />
    <Project Path="src/Services/Stock/Stock.Infrastructure/Stock.Infrastructure.csproj" Id="c3d4e5f6-a7b8-9012-cdef-123456789012" />
  </Folder>
  <Folder Name="/Shared/">
    <Project Path="src/Shared/PizzaSaga.Contracts/PizzaSaga.Contracts.csproj" Id="2dccb056-58fc-4269-be79-afed26c5578e" />
    <Project Path="src/Shared/PizzaSaga.Shared.ErrorHandling/PizzaSaga.Shared.ErrorHandling.csproj" Id="0610c167-53b6-4850-92d0-1ad46b611615" />
    <Project Path="src/Shared/PizzaSaga.Shared.Infrastructure/PizzaSaga.Shared.Infrastructure.csproj" Id="e53ec605-2c9f-4edb-b911-c791bd47d61a" />
    <Project Path="src/Shared/PizzaSaga.SharedKernel/PizzaSaga.SharedKernel.csproj" Id="36562cc7-c244-4009-b554-07d5d833a657" />
  </Folder>
  <Folder Name="/Solution Items/">
    <File Path="Directory.Build.props" />
    <File Path="Directory.Packages.props" />
  </Folder>
</Solution>
